Microsoft Visual Studio Solution File, Format Version 12.00
# Visual Studio Version 17
VisualStudioVersion = 17.5.2.0
MinimumVisualStudioVersion = 10.0.40219.1
Project("{FAE04EC0-301F-11D3-BF4B-00C04F79EFBC}") = "Lesson-02", "Lesson-02\Lesson-02.csproj", "{37A165BF-2597-CBFF-4095-06AE617C73D8}"
EndProject
Global
	GlobalSection(SolutionConfigurationPlatforms) = preSolution
		Debug|Any CPU = Debug|Any CPU
		Release|Any CPU = Release|Any CPU
	EndGlobalSection
	GlobalSection(ProjectConfigurationPlatforms) = postSolution
		{37A165BF-2597-CBFF-4095-06AE617C73D8}.Debug|Any CPU.ActiveCfg = Debug|Any CPU
		{37A165BF-2597-CBFF-4095-06AE617C73D8}.Debug|Any CPU.Build.0 = Debug|Any CPU
		{37A165BF-2597-CBFF-4095-06AE617C73D8}.Release|Any CPU.ActiveCfg = Release|Any CPU
		{37A165BF-2597-CBFF-4095-06AE617C73D8}.Release|Any CPU.Build.0 = Release|Any CPU
	EndGlobalSection
	GlobalSection(SolutionProperties) = preSolution
		HideSolutionNode = FALSE
	EndGlobalSection
	GlobalSection(ExtensibilityGlobals) = postSolution
		SolutionGuid = {EAF274EB-6D07-4EAD-8AA6-702396AB65F0}
	EndGlobalSection
EndGlobal
