
Microsoft Visual Studio Solution File, Format Version 12.00
# Visual Studio 15
Project("{FAE04EC0-301F-11D3-BF4B-00C04F79EFBC}") = "Assembly-CSharp", "Assembly-CSharp.csproj", "{B67C07EC-DA1E-778F-15E2-7D5A44EBEF8D}"
EndProject
Project("{FAE04EC0-301F-11D3-BF4B-00C04F79EFBC}") = "Assembly-CSharp-Editor", "Assembly-CSharp-Editor.csproj", "{C60E404D-A64A-7CE5-6D4F-207A5EEAD3D0}"
EndProject
Global
	GlobalSection(SolutionConfigurationPlatforms) = preSolution
		Debug|Any CPU = Debug|Any CPU
		Release|Any CPU = Release|Any CPU
	EndGlobalSection
	GlobalSection(ProjectConfigurationPlatforms) = postSolution
		{B67C07EC-DA1E-778F-15E2-7D5A44EBEF8D}.Debug|Any CPU.ActiveCfg = Debug|Any CPU
		{B67C07EC-DA1E-778F-15E2-7D5A44EBEF8D}.Debug|Any CPU.Build.0 = Debug|Any CPU
		{B67C07EC-DA1E-778F-15E2-7D5A44EBEF8D}.Release|Any CPU.ActiveCfg = Release|Any CPU
		{B67C07EC-DA1E-778F-15E2-7D5A44EBEF8D}.Release|Any CPU.Build.0 = Release|Any CPU
		{C60E404D-A64A-7CE5-6D4F-207A5EEAD3D0}.Debug|Any CPU.ActiveCfg = Debug|Any CPU
		{C60E404D-A64A-7CE5-6D4F-207A5EEAD3D0}.Debug|Any CPU.Build.0 = Debug|Any CPU
		{C60E404D-A64A-7CE5-6D4F-207A5EEAD3D0}.Release|Any CPU.ActiveCfg = Release|Any CPU
		{C60E404D-A64A-7CE5-6D4F-207A5EEAD3D0}.Release|Any CPU.Build.0 = Release|Any CPU
	EndGlobalSection
	GlobalSection(SolutionProperties) = preSolution
		HideSolutionNode = FALSE
	EndGlobalSection
EndGlobal
