
Microsoft Visual Studio Solution File, Format Version 12.00
# Visual Studio 15
Project("{FAE04EC0-301F-11D3-BF4B-00C04F79EFBC}") = "Assembly-CSharp", "Assembly-CSharp.csproj", "{16254CBB-D750-DA66-41FB-415EBEF99CC6}"
EndProject
Project("{FAE04EC0-301F-11D3-BF4B-00C04F79EFBC}") = "Assembly-CSharp-Editor", "Assembly-CSharp-Editor.csproj", "{E2790813-F4A6-9D74-433C-CB0557F165E3}"
EndProject
Global
	GlobalSection(SolutionConfigurationPlatforms) = preSolution
		Debug|Any CPU = Debug|Any CPU
		Release|Any CPU = Release|Any CPU
	EndGlobalSection
	GlobalSection(ProjectConfigurationPlatforms) = postSolution
		{16254CBB-D750-DA66-41FB-415EBEF99CC6}.Debug|Any CPU.ActiveCfg = Debug|Any CPU
		{16254CBB-D750-DA66-41FB-415EBEF99CC6}.Debug|Any CPU.Build.0 = Debug|Any CPU
		{16254CBB-D750-DA66-41FB-415EBEF99CC6}.Release|Any CPU.ActiveCfg = Release|Any CPU
		{16254CBB-D750-DA66-41FB-415EBEF99CC6}.Release|Any CPU.Build.0 = Release|Any CPU
		{E2790813-F4A6-9D74-433C-CB0557F165E3}.Debug|Any CPU.ActiveCfg = Debug|Any CPU
		{E2790813-F4A6-9D74-433C-CB0557F165E3}.Debug|Any CPU.Build.0 = Debug|Any CPU
		{E2790813-F4A6-9D74-433C-CB0557F165E3}.Release|Any CPU.ActiveCfg = Release|Any CPU
		{E2790813-F4A6-9D74-433C-CB0557F165E3}.Release|Any CPU.Build.0 = Release|Any CPU
	EndGlobalSection
	GlobalSection(SolutionProperties) = preSolution
		HideSolutionNode = FALSE
	EndGlobalSection
EndGlobal
